{
  "name": "oddlyalive",
  "version": "0.2.0-alpha.2",
  "lockfileVersion": 3,
  "requires": true,
  "packages": {
    "": {
      "name": "oddlyalive",
      "version": "0.2.0-alpha.2",
      "license": "MIT",
      "bin": {
        "oddlyalive": "bin/oddlyalive.js"
      },
      "engines": {
        "node": ">=20"
      }
    }
  }
}
